// !$*UTF8*$!
{
	archiveVersion = 1;
	classes = {
	};
	objectVersion = 50;
	objects = {

/* Begin PBXBuildFile section */
		90575DE623A57B3B0053F58C /* AppDelegate.swift in Sources */ = {isa = PBXBuildFile; fileRef = 90575DE523A57B3B0053F58C /* AppDelegate.swift */; };
		90575DE823A57B3B0053F58C /* SceneDelegate.swift in Sources */ = {isa = PBXBuildFile; fileRef = 90575DE723A57B3B0053F58C /* SceneDelegate.swift */; };
		90575DEA23A57B3B0053F58C /* ViewController.swift in Sources */ = {isa = PBXBuildFile; fileRef = 90575DE923A57B3B0053F58C /* ViewController.swift */; };
		90575DEF23A57B3E0053F58C /* Assets.xcassets in Resources */ = {isa = PBXBuildFile; fileRef = 90575DEE23A57B3E0053F58C /* Assets.xcassets */; };
		90575DF223A57B3E0053F58C /* LaunchScreen.storyboard in Resources */ = {isa = PBXBuildFile; fileRef = 90575DF023A57B3E0053F58C /* LaunchScreen.storyboard */; };
		90575DFD23A57B3E0053F58C /* SimpleWeatherTests.swift in Sources */ = {isa = PBXBuildFile; fileRef = 90575DFC23A57B3E0053F58C /* SimpleWeatherTests.swift */; };
		90575E0823A57B3E0053F58C /* SimpleWeatherUITests.swift in Sources */ = {isa = PBXBuildFile; fileRef = 90575E0723A57B3E0053F58C /* SimpleWeatherUITests.swift */; };
		90CBDA2123A6B902001B1CA9 /* Localizable.strings in Resources */ = {isa = PBXBuildFile; fileRef = 90CBDA2023A6B902001B1CA9 /* Localizable.strings */; };
		90CBDA2423A6BB05001B1CA9 /* ApplicationConstants.swift in Sources */ = {isa = PBXBuildFile; fileRef = 90CBDA2323A6BB05001B1CA9 /* ApplicationConstants.swift */; };
		90CBDA2723A6BBDF001B1CA9 /* Data+Extension.swift in Sources */ = {isa = PBXBuildFile; fileRef = 90CBDA2623A6BBDF001B1CA9 /* Data+Extension.swift */; };
		90CBDA2923A6BBF1001B1CA9 /* String+Extension.swift in Sources */ = {isa = PBXBuildFile; fileRef = 90CBDA2823A6BBF1001B1CA9 /* String+Extension.swift */; };
/* End PBXBuildFile section */

/* Begin PBXContainerItemProxy section */
		90575DF923A57B3E0053F58C /* PBXContainerItemProxy */ = {
			isa = PBXContainerItemProxy;
			containerPortal = 90575DDA23A57B3B0053F58C /* Project object */;
			proxyType = 1;
			remoteGlobalIDString = 90575DE123A57B3B0053F58C;
			remoteInfo = SimpleWeather;
		};
		90575E0423A57B3E0053F58C /* PBXContainerItemProxy */ = {
			isa = PBXContainerItemProxy;
			containerPortal = 90575DDA23A57B3B0053F58C /* Project object */;
			proxyType = 1;
			remoteGlobalIDString = 90575DE123A57B3B0053F58C;
			remoteInfo = SimpleWeather;
		};
/* End PBXContainerItemProxy section */

/* Begin PBXFileReference section */
		90575DE223A57B3B0053F58C /* SimpleWeather.app */ = {isa = PBXFileReference; explicitFileType = wrapper.application; includeInIndex = 0; path = SimpleWeather.app; sourceTree = BUILT_PRODUCTS_DIR; };
		90575DE523A57B3B0053F58C /* AppDelegate.swift */ = {isa = PBXFileReference; lastKnownFileType = sourcecode.swift; path = AppDelegate.swift; sourceTree = "<group>"; };
		90575DE723A57B3B0053F58C /* SceneDelegate.swift */ = {isa = PBXFileReference; lastKnownFileType = sourcecode.swift; path = SceneDelegate.swift; sourceTree = "<group>"; };
		90575DE923A57B3B0053F58C /* ViewController.swift */ = {isa = PBXFileReference; lastKnownFileType = sourcecode.swift; path = ViewController.swift; sourceTree = "<group>"; };
		90575DEE23A57B3E0053F58C /* Assets.xcassets */ = {isa = PBXFileReference; lastKnownFileType = folder.assetcatalog; path = Assets.xcassets; sourceTree = "<group>"; };
		90575DF123A57B3E0053F58C /* Base */ = {isa = PBXFileReference; lastKnownFileType = file.storyboard; name = Base; path = Base.lproj/LaunchScreen.storyboard; sourceTree = "<group>"; };
		90575DF323A57B3E0053F58C /* Info.plist */ = {isa = PBXFileReference; lastKnownFileType = text.plist.xml; path = Info.plist; sourceTree = "<group>"; };
		90575DF823A57B3E0053F58C /* SimpleWeatherTests.xctest */ = {isa = PBXFileReference; explicitFileType = wrapper.cfbundle; includeInIndex = 0; path = SimpleWeatherTests.xctest; sourceTree = BUILT_PRODUCTS_DIR; };
		90575DFC23A57B3E0053F58C /* SimpleWeatherTests.swift */ = {isa = PBXFileReference; lastKnownFileType = sourcecode.swift; path = SimpleWeatherTests.swift; sourceTree = "<group>"; };
		90575DFE23A57B3E0053F58C /* Info.plist */ = {isa = PBXFileReference; lastKnownFileType = text.plist.xml; path = Info.plist; sourceTree = "<group>"; };
		90575E0323A57B3E0053F58C /* SimpleWeatherUITests.xctest */ = {isa = PBXFileReference; explicitFileType = wrapper.cfbundle; includeInIndex = 0; path = SimpleWeatherUITests.xctest; sourceTree = BUILT_PRODUCTS_DIR; };
		90575E0723A57B3E0053F58C /* SimpleWeatherUITests.swift */ = {isa = PBXFileReference; lastKnownFileType = sourcecode.swift; path = SimpleWeatherUITests.swift; sourceTree = "<group>"; };
		90575E0923A57B3E0053F58C /* Info.plist */ = {isa = PBXFileReference; lastKnownFileType = text.plist.xml; path = Info.plist; sourceTree = "<group>"; };
		90CBDA2023A6B902001B1CA9 /* Localizable.strings */ = {isa = PBXFileReference; lastKnownFileType = text.plist.strings; path = Localizable.strings; sourceTree = "<group>"; };
		90CBDA2323A6BB05001B1CA9 /* ApplicationConstants.swift */ = {isa = PBXFileReference; lastKnownFileType = sourcecode.swift; path = ApplicationConstants.swift; sourceTree = "<group>"; };
		90CBDA2623A6BBDF001B1CA9 /* Data+Extension.swift */ = {isa = PBXFileReference; lastKnownFileType = sourcecode.swift; path = "Data+Extension.swift"; sourceTree = "<group>"; };
		90CBDA2823A6BBF1001B1CA9 /* String+Extension.swift */ = {isa = PBXFileReference; lastKnownFileType = sourcecode.swift; path = "String+Extension.swift"; sourceTree = "<group>"; };
/* End PBXFileReference section */

/* Begin PBXFrameworksBuildPhase section */
		90575DDF23A57B3B0053F58C /* Frameworks */ = {
			isa = PBXFrameworksBuildPhase;
			buildActionMask = 2147483647;
			files = (
			);
			runOnlyForDeploymentPostprocessing = 0;
		};
		90575DF523A57B3E0053F58C /* Frameworks */ = {
			isa = PBXFrameworksBuildPhase;
			buildActionMask = 2147483647;
			files = (
			);
			runOnlyForDeploymentPostprocessing = 0;
		};
		90575E0023A57B3E0053F58C /* Frameworks */ = {
			isa = PBXFrameworksBuildPhase;
			buildActionMask = 2147483647;
			files = (
			);
			runOnlyForDeploymentPostprocessing = 0;
		};
/* End PBXFrameworksBuildPhase section */

/* Begin PBXGroup section */
		90575DD923A57B3B0053F58C = {
			isa = PBXGroup;
			children = (
				90575DE423A57B3B0053F58C /* SimpleWeather */,
				90575DFB23A57B3E0053F58C /* SimpleWeatherTests */,
				90575E0623A57B3E0053F58C /* SimpleWeatherUITests */,
				90575DE323A57B3B0053F58C /* Products */,
			);
			sourceTree = "<group>";
		};
		90575DE323A57B3B0053F58C /* Products */ = {
			isa = PBXGroup;
			children = (
				90575DE223A57B3B0053F58C /* SimpleWeather.app */,
				90575DF823A57B3E0053F58C /* SimpleWeatherTests.xctest */,
				90575E0323A57B3E0053F58C /* SimpleWeatherUITests.xctest */,
			);
			name = Products;
			sourceTree = "<group>";
		};
		90575DE423A57B3B0053F58C /* SimpleWeather */ = {
			isa = PBXGroup;
			children = (
				90CBDA2523A6BB7B001B1CA9 /* Extensions */,
				90CBDA2223A6BACA001B1CA9 /* Configuration */,
				90CBDA1F23A6B8CB001B1CA9 /* Resources */,
				90575DE923A57B3B0053F58C /* ViewController.swift */,
			);
			path = SimpleWeather;
			sourceTree = "<group>";
		};
		90575DFB23A57B3E0053F58C /* SimpleWeatherTests */ = {
			isa = PBXGroup;
			children = (
				90575DFC23A57B3E0053F58C /* SimpleWeatherTests.swift */,
				90575DFE23A57B3E0053F58C /* Info.plist */,
			);
			path = SimpleWeatherTests;
			sourceTree = "<group>";
		};
		90575E0623A57B3E0053F58C /* SimpleWeatherUITests */ = {
			isa = PBXGroup;
			children = (
				90575E0723A57B3E0053F58C /* SimpleWeatherUITests.swift */,
				90575E0923A57B3E0053F58C /* Info.plist */,
			);
			path = SimpleWeatherUITests;
			sourceTree = "<group>";
		};
		90CBDA1F23A6B8CB001B1CA9 /* Resources */ = {
			isa = PBXGroup;
			children = (
				90575DEE23A57B3E0053F58C /* Assets.xcassets */,
				90CBDA2023A6B902001B1CA9 /* Localizable.strings */,
			);
			path = Resources;
			sourceTree = "<group>";
		};
		90CBDA2223A6BACA001B1CA9 /* Configuration */ = {
			isa = PBXGroup;
			children = (
				90575DE523A57B3B0053F58C /* AppDelegate.swift */,
				90575DE723A57B3B0053F58C /* SceneDelegate.swift */,
				90575DF323A57B3E0053F58C /* Info.plist */,
				90575DF023A57B3E0053F58C /* LaunchScreen.storyboard */,
				90CBDA2323A6BB05001B1CA9 /* ApplicationConstants.swift */,
			);
			path = Configuration;
			sourceTree = "<group>";
		};
		90CBDA2523A6BB7B001B1CA9 /* Extensions */ = {
			isa = PBXGroup;
			children = (
				90CBDA2623A6BBDF001B1CA9 /* Data+Extension.swift */,
				90CBDA2823A6BBF1001B1CA9 /* String+Extension.swift */,
			);
			path = Extensions;
			sourceTree = "<group>";
		};
/* End PBXGroup section */

/* Begin PBXNativeTarget section */
		90575DE123A57B3B0053F58C /* SimpleWeather */ = {
			isa = PBXNativeTarget;
			buildConfigurationList = 90575E0C23A57B3E0053F58C /* Build configuration list for PBXNativeTarget "SimpleWeather" */;
			buildPhases = (
				90575DDE23A57B3B0053F58C /* Sources */,
				90575DDF23A57B3B0053F58C /* Frameworks */,
				90575DE023A57B3B0053F58C /* Resources */,
			);
			buildRules = (
			);
			dependencies = (
			);
			name = SimpleWeather;
			productName = SimpleWeather;
			productReference = 90575DE223A57B3B0053F58C /* SimpleWeather.app */;
			productType = "com.apple.product-type.application";
		};
		90575DF723A57B3E0053F58C /* SimpleWeatherTests */ = {
			isa = PBXNativeTarget;
			buildConfigurationList = 90575E0F23A57B3E0053F58C /* Build configuration list for PBXNativeTarget "SimpleWeatherTests" */;
			buildPhases = (
				90575DF423A57B3E0053F58C /* Sources */,
				90575DF523A57B3E0053F58C /* Frameworks */,
				90575DF623A57B3E0053F58C /* Resources */,
			);
			buildRules = (
			);
			dependencies = (
				90575DFA23A57B3E0053F58C /* PBXTargetDependency */,
			);
			name = SimpleWeatherTests;
			productName = SimpleWeatherTests;
			productReference = 90575DF823A57B3E0053F58C /* SimpleWeatherTests.xctest */;
			productType = "com.apple.product-type.bundle.unit-test";
		};
		90575E0223A57B3E0053F58C /* SimpleWeatherUITests */ = {
			isa = PBXNativeTarget;
			buildConfigurationList = 90575E1223A57B3E0053F58C /* Build configuration list for PBXNativeTarget "SimpleWeatherUITests" */;
			buildPhases = (
				90575DFF23A57B3E0053F58C /* Sources */,
				90575E0023A57B3E0053F58C /* Frameworks */,
				90575E0123A57B3E0053F58C /* Resources */,
			);
			buildRules = (
			);
			dependencies = (
				90575E0523A57B3E0053F58C /* PBXTargetDependency */,
			);
			name = SimpleWeatherUITests;
			productName = SimpleWeatherUITests;
			productReference = 90575E0323A57B3E0053F58C /* SimpleWeatherUITests.xctest */;
			productType = "com.apple.product-type.bundle.ui-testing";
		};
/* End PBXNativeTarget section */

/* Begin PBXProject section */
		90575DDA23A57B3B0053F58C /* Project object */ = {
			isa = PBXProject;
			attributes = {
				LastSwiftUpdateCheck = 1120;
				LastUpgradeCheck = 1120;
				ORGANIZATIONNAME = "Jakub Kurgan";
				TargetAttributes = {
					90575DE123A57B3B0053F58C = {
						CreatedOnToolsVersion = 11.2.1;
					};
					90575DF723A57B3E0053F58C = {
						CreatedOnToolsVersion = 11.2.1;
						TestTargetID = 90575DE123A57B3B0053F58C;
					};
					90575E0223A57B3E0053F58C = {
						CreatedOnToolsVersion = 11.2.1;
						TestTargetID = 90575DE123A57B3B0053F58C;
					};
				};
			};
			buildConfigurationList = 90575DDD23A57B3B0053F58C /* Build configuration list for PBXProject "SimpleWeather" */;
			compatibilityVersion = "Xcode 9.3";
			developmentRegion = en;
			hasScannedForEncodings = 0;
			knownRegions = (
				en,
				Base,
			);
			mainGroup = 90575DD923A57B3B0053F58C;
			productRefGroup = 90575DE323A57B3B0053F58C /* Products */;
			projectDirPath = "";
			projectRoot = "";
			targets = (
				90575DE123A57B3B0053F58C /* SimpleWeather */,
				90575DF723A57B3E0053F58C /* SimpleWeatherTests */,
				90575E0223A57B3E0053F58C /* SimpleWeatherUITests */,
			);
		};
/* End PBXProject section */

/* Begin PBXResourcesBuildPhase section */
		90575DE023A57B3B0053F58C /* Resources */ = {
			isa = PBXResourcesBuildPhase;
			buildActionMask = 2147483647;
			files = (
				90575DF223A57B3E0053F58C /* LaunchScreen.storyboard in Resources */,
				90CBDA2123A6B902001B1CA9 /* Localizable.strings in Resources */,
				90575DEF23A57B3E0053F58C /* Assets.xcassets in Resources */,
			);
			runOnlyForDeploymentPostprocessing = 0;
		};
		90575DF623A57B3E0053F58C /* Resources */ = {
			isa = PBXResourcesBuildPhase;
			buildActionMask = 2147483647;
			files = (
			);
			runOnlyForDeploymentPostprocessing = 0;
		};
		90575E0123A57B3E0053F58C /* Resources */ = {
			isa = PBXResourcesBuildPhase;
			buildActionMask = 2147483647;
			files = (
			);
			runOnlyForDeploymentPostprocessing = 0;
		};
/* End PBXResourcesBuildPhase section */

/* Begin PBXSourcesBuildPhase section */
		90575DDE23A57B3B0053F58C /* Sources */ = {
			isa = PBXSourcesBuildPhase;
			buildActionMask = 2147483647;
			files = (
				90575DEA23A57B3B0053F58C /* ViewController.swift in Sources */,
				90575DE623A57B3B0053F58C /* AppDelegate.swift in Sources */,
				90CBDA2723A6BBDF001B1CA9 /* Data+Extension.swift in Sources */,
				90CBDA2423A6BB05001B1CA9 /* ApplicationConstants.swift in Sources */,
				90CBDA2923A6BBF1001B1CA9 /* String+Extension.swift in Sources */,
				90575DE823A57B3B0053F58C /* SceneDelegate.swift in Sources */,
			);
			runOnlyForDeploymentPostprocessing = 0;
		};
		90575DF423A57B3E0053F58C /* Sources */ = {
			isa = PBXSourcesBuildPhase;
			buildActionMask = 2147483647;
			files = (
				90575DFD23A57B3E0053F58C /* SimpleWeatherTests.swift in Sources */,
			);
			runOnlyForDeploymentPostprocessing = 0;
		};
		90575DFF23A57B3E0053F58C /* Sources */ = {
			isa = PBXSourcesBuildPhase;
			buildActionMask = 2147483647;
			files = (
				90575E0823A57B3E0053F58C /* SimpleWeatherUITests.swift in Sources */,
			);
			runOnlyForDeploymentPostprocessing = 0;
		};
/* End PBXSourcesBuildPhase section */

/* Begin PBXTargetDependency section */
		90575DFA23A57B3E0053F58C /* PBXTargetDependency */ = {
			isa = PBXTargetDependency;
			target = 90575DE123A57B3B0053F58C /* SimpleWeather */;
			targetProxy = 90575DF923A57B3E0053F58C /* PBXContainerItemProxy */;
		};
		90575E0523A57B3E0053F58C /* PBXTargetDependency */ = {
			isa = PBXTargetDependency;
			target = 90575DE123A57B3B0053F58C /* SimpleWeather */;
			targetProxy = 90575E0423A57B3E0053F58C /* PBXContainerItemProxy */;
		};
/* End PBXTargetDependency section */

/* Begin PBXVariantGroup section */
		90575DF023A57B3E0053F58C /* LaunchScreen.storyboard */ = {
			isa = PBXVariantGroup;
			children = (
				90575DF123A57B3E0053F58C /* Base */,
			);
			name = LaunchScreen.storyboard;
			sourceTree = "<group>";
		};
/* End PBXVariantGroup section */

/* Begin XCBuildConfiguration section */
		90575E0A23A57B3E0053F58C /* Debug */ = {
			isa = XCBuildConfiguration;
			buildSettings = {
				ALWAYS_SEARCH_USER_PATHS = NO;
				CLANG_ANALYZER_NONNULL = YES;
				CLANG_ANALYZER_NUMBER_OBJECT_CONVERSION = YES_AGGRESSIVE;
				CLANG_CXX_LANGUAGE_STANDARD = "gnu++14";
				CLANG_CXX_LIBRARY = "libc++";
				CLANG_ENABLE_MODULES = YES;
				CLANG_ENABLE_OBJC_ARC = YES;
				CLANG_ENABLE_OBJC_WEAK = YES;
				CLANG_WARN_BLOCK_CAPTURE_AUTORELEASING = YES;
				CLANG_WARN_BOOL_CONVERSION = YES;
				CLANG_WARN_COMMA = YES;
				CLANG_WARN_CONSTANT_CONVERSION = YES;
				CLANG_WARN_DEPRECATED_OBJC_IMPLEMENTATIONS = YES;
				CLANG_WARN_DIRECT_OBJC_ISA_USAGE = YES_ERROR;
				CLANG_WARN_DOCUMENTATION_COMMENTS = YES;
				CLANG_WARN_EMPTY_BODY = YES;
				CLANG_WARN_ENUM_CONVERSION = YES;
				CLANG_WARN_INFINITE_RECURSION = YES;
				CLANG_WARN_INT_CONVERSION = YES;
				CLANG_WARN_NON_LITERAL_NULL_CONVERSION = YES;
				CLANG_WARN_OBJC_IMPLICIT_RETAIN_SELF = YES;
				CLANG_WARN_OBJC_LITERAL_CONVERSION = YES;
				CLANG_WARN_OBJC_ROOT_CLASS = YES_ERROR;
				CLANG_WARN_RANGE_LOOP_ANALYSIS = YES;
				CLANG_WARN_STRICT_PROTOTYPES = YES;
				CLANG_WARN_SUSPICIOUS_MOVE = YES;
				CLANG_WARN_UNGUARDED_AVAILABILITY = YES_AGGRESSIVE;
				CLANG_WARN_UNREACHABLE_CODE = YES;
				CLANG_WARN__DUPLICATE_METHOD_MATCH = YES;
				COPY_PHASE_STRIP = NO;
				DEBUG_INFORMATION_FORMAT = dwarf;
				ENABLE_STRICT_OBJC_MSGSEND = YES;
				ENABLE_TESTABILITY = YES;
				GCC_C_LANGUAGE_STANDARD = gnu11;
				GCC_DYNAMIC_NO_PIC = NO;
				GCC_NO_COMMON_BLOCKS = YES;
				GCC_OPTIMIZATION_LEVEL = 0;
				GCC_PREPROCESSOR_DEFINITIONS = (
					"DEBUG=1",
					"$(inherited)",
				);
				GCC_WARN_64_TO_32_BIT_CONVERSION = YES;
				GCC_WARN_ABOUT_RETURN_TYPE = YES_ERROR;
				GCC_WARN_UNDECLARED_SELECTOR = YES;
				GCC_WARN_UNINITIALIZED_AUTOS = YES_AGGRESSIVE;
				GCC_WARN_UNUSED_FUNCTION = YES;
				GCC_WARN_UNUSED_VARIABLE = YES;
				IPHONEOS_DEPLOYMENT_TARGET = 13.2;
				MTL_ENABLE_DEBUG_INFO = INCLUDE_SOURCE;
				MTL_FAST_MATH = YES;
				ONLY_ACTIVE_ARCH = YES;
				SDKROOT = iphoneos;
				SWIFT_ACTIVE_COMPILATION_CONDITIONS = DEBUG;
				SWIFT_OPTIMIZATION_LEVEL = "-Onone";
			};
			name = Debug;
		};
		90575E0B23A57B3E0053F58C /* Release */ = {
			isa = XCBuildConfiguration;
			buildSettings = {
				ALWAYS_SEARCH_USER_PATHS = NO;
				CLANG_ANALYZER_NONNULL = YES;
				CLANG_ANALYZER_NUMBER_OBJECT_CONVERSION = YES_AGGRESSIVE;
				CLANG_CXX_LANGUAGE_STANDARD = "gnu++14";
				CLANG_CXX_LIBRARY = "libc++";
				CLANG_ENABLE_MODULES = YES;
				CLANG_ENABLE_OBJC_ARC = YES;
				CLANG_ENABLE_OBJC_WEAK = YES;
				CLANG_WARN_BLOCK_CAPTURE_AUTORELEASING = YES;
				CLANG_WARN_BOOL_CONVERSION = YES;
				CLANG_WARN_COMMA = YES;
				CLANG_WARN_CONSTANT_CONVERSION = YES;
				CLANG_WARN_DEPRECATED_OBJC_IMPLEMENTATIONS = YES;
				CLANG_WARN_DIRECT_OBJC_ISA_USAGE = YES_ERROR;
				CLANG_WARN_DOCUMENTATION_COMMENTS = YES;
				CLANG_WARN_EMPTY_BODY = YES;
				CLANG_WARN_ENUM_CONVERSION = YES;
				CLANG_WARN_INFINITE_RECURSION = YES;
				CLANG_WARN_INT_CONVERSION = YES;
				CLANG_WARN_NON_LITERAL_NULL_CONVERSION = YES;
				CLANG_WARN_OBJC_IMPLICIT_RETAIN_SELF = YES;
				CLANG_WARN_OBJC_LITERAL_CONVERSION = YES;
				CLANG_WARN_OBJC_ROOT_CLASS = YES_ERROR;
				CLANG_WARN_RANGE_LOOP_ANALYSIS = YES;
				CLANG_WARN_STRICT_PROTOTYPES = YES;
				CLANG_WARN_SUSPICIOUS_MOVE = YES;
				CLANG_WARN_UNGUARDED_AVAILABILITY = YES_AGGRESSIVE;
				CLANG_WARN_UNREACHABLE_CODE = YES;
				CLANG_WARN__DUPLICATE_METHOD_MATCH = YES;
				COPY_PHASE_STRIP = NO;
				DEBUG_INFORMATION_FORMAT = "dwarf-with-dsym";
				ENABLE_NS_ASSERTIONS = NO;
				ENABLE_STRICT_OBJC_MSGSEND = YES;
				GCC_C_LANGUAGE_STANDARD = gnu11;
				GCC_NO_COMMON_BLOCKS = YES;
				GCC_WARN_64_TO_32_BIT_CONVERSION = YES;
				GCC_WARN_ABOUT_RETURN_TYPE = YES_ERROR;
				GCC_WARN_UNDECLARED_SELECTOR = YES;
				GCC_WARN_UNINITIALIZED_AUTOS = YES_AGGRESSIVE;
				GCC_WARN_UNUSED_FUNCTION = YES;
				GCC_WARN_UNUSED_VARIABLE = YES;
				IPHONEOS_DEPLOYMENT_TARGET = 13.2;
				MTL_ENABLE_DEBUG_INFO = NO;
				MTL_FAST_MATH = YES;
				SDKROOT = iphoneos;
				SWIFT_COMPILATION_MODE = wholemodule;
				SWIFT_OPTIMIZATION_LEVEL = "-O";
				VALIDATE_PRODUCT = YES;
			};
			name = Release;
		};
		90575E0D23A57B3E0053F58C /* Debug */ = {
			isa = XCBuildConfiguration;
			buildSettings = {
				ASSETCATALOG_COMPILER_APPICON_NAME = AppIcon;
				CODE_SIGN_STYLE = Automatic;
				DEVELOPMENT_TEAM = 83R8684L4T;
				INFOPLIST_FILE = SimpleWeather/Configuration/Info.plist;
				LD_RUNPATH_SEARCH_PATHS = (
					"$(inherited)",
					"@executable_path/Frameworks",
				);
				PRODUCT_BUNDLE_IDENTIFIER = jakub.kurgan.SimpleWeather;
				PRODUCT_NAME = "$(TARGET_NAME)";
				SWIFT_VERSION = 5.0;
				TARGETED_DEVICE_FAMILY = "1,2";
			};
			name = Debug;
		};
		90575E0E23A57B3E0053F58C /* Release */ = {
			isa = XCBuildConfiguration;
			buildSettings = {
				ASSETCATALOG_COMPILER_APPICON_NAME = AppIcon;
				CODE_SIGN_STYLE = Automatic;
				DEVELOPMENT_TEAM = 83R8684L4T;
				INFOPLIST_FILE = SimpleWeather/Configuration/Info.plist;
				LD_RUNPATH_SEARCH_PATHS = (
					"$(inherited)",
					"@executable_path/Frameworks",
				);
				PRODUCT_BUNDLE_IDENTIFIER = jakub.kurgan.SimpleWeather;
				PRODUCT_NAME = "$(TARGET_NAME)";
				SWIFT_VERSION = 5.0;
				TARGETED_DEVICE_FAMILY = "1,2";
			};
			name = Release;
		};
		90575E1023A57B3E0053F58C /* Debug */ = {
			isa = XCBuildConfiguration;
			buildSettings = {
				ALWAYS_EMBED_SWIFT_STANDARD_LIBRARIES = YES;
				BUNDLE_LOADER = "$(TEST_HOST)";
				CODE_SIGN_STYLE = Automatic;
				DEVELOPMENT_TEAM = 83R8684L4T;
				INFOPLIST_FILE = SimpleWeatherTests/Info.plist;
				IPHONEOS_DEPLOYMENT_TARGET = 13.2;
				LD_RUNPATH_SEARCH_PATHS = (
					"$(inherited)",
					"@executable_path/Frameworks",
					"@loader_path/Frameworks",
				);
				PRODUCT_BUNDLE_IDENTIFIER = jakub.kurgan.SimpleWeatherTests;
				PRODUCT_NAME = "$(TARGET_NAME)";
				SWIFT_VERSION = 5.0;
				TARGETED_DEVICE_FAMILY = "1,2";
				TEST_HOST = "$(BUILT_PRODUCTS_DIR)/SimpleWeather.app/SimpleWeather";
			};
			name = Debug;
		};
		90575E1123A57B3E0053F58C /* Release */ = {
			isa = XCBuildConfiguration;
			buildSettings = {
				ALWAYS_EMBED_SWIFT_STANDARD_LIBRARIES = YES;
				BUNDLE_LOADER = "$(TEST_HOST)";
				CODE_SIGN_STYLE = Automatic;
				DEVELOPMENT_TEAM = 83R8684L4T;
				INFOPLIST_FILE = SimpleWeatherTests/Info.plist;
				IPHONEOS_DEPLOYMENT_TARGET = 13.2;
				LD_RUNPATH_SEARCH_PATHS = (
					"$(inherited)",
					"@executable_path/Frameworks",
					"@loader_path/Frameworks",
				);
				PRODUCT_BUNDLE_IDENTIFIER = jakub.kurgan.SimpleWeatherTests;
				PRODUCT_NAME = "$(TARGET_NAME)";
				SWIFT_VERSION = 5.0;
				TARGETED_DEVICE_FAMILY = "1,2";
				TEST_HOST = "$(BUILT_PRODUCTS_DIR)/SimpleWeather.app/SimpleWeather";
			};
			name = Release;
		};
		90575E1323A57B3E0053F58C /* Debug */ = {
			isa = XCBuildConfiguration;
			buildSettings = {
				ALWAYS_EMBED_SWIFT_STANDARD_LIBRARIES = YES;
				CODE_SIGN_STYLE = Automatic;
				DEVELOPMENT_TEAM = 83R8684L4T;
				INFOPLIST_FILE = SimpleWeatherUITests/Info.plist;
				LD_RUNPATH_SEARCH_PATHS = (
					"$(inherited)",
					"@executable_path/Frameworks",
					"@loader_path/Frameworks",
				);
				PRODUCT_BUNDLE_IDENTIFIER = jakub.kurgan.SimpleWeatherUITests;
				PRODUCT_NAME = "$(TARGET_NAME)";
				SWIFT_VERSION = 5.0;
				TARGETED_DEVICE_FAMILY = "1,2";
				TEST_TARGET_NAME = SimpleWeather;
			};
			name = Debug;
		};
		90575E1423A57B3E0053F58C /* Release */ = {
			isa = XCBuildConfiguration;
			buildSettings = {
				ALWAYS_EMBED_SWIFT_STANDARD_LIBRARIES = YES;
				CODE_SIGN_STYLE = Automatic;
				DEVELOPMENT_TEAM = 83R8684L4T;
				INFOPLIST_FILE = SimpleWeatherUITests/Info.plist;
				LD_RUNPATH_SEARCH_PATHS = (
					"$(inherited)",
					"@executable_path/Frameworks",
					"@loader_path/Frameworks",
				);
				PRODUCT_BUNDLE_IDENTIFIER = jakub.kurgan.SimpleWeatherUITests;
				PRODUCT_NAME = "$(TARGET_NAME)";
				SWIFT_VERSION = 5.0;
				TARGETED_DEVICE_FAMILY = "1,2";
				TEST_TARGET_NAME = SimpleWeather;
			};
			name = Release;
		};
/* End XCBuildConfiguration section */

/* Begin XCConfigurationList section */
		90575DDD23A57B3B0053F58C /* Build configuration list for PBXProject "SimpleWeather" */ = {
			isa = XCConfigurationList;
			buildConfigurations = (
				90575E0A23A57B3E0053F58C /* Debug */,
				90575E0B23A57B3E0053F58C /* Release */,
			);
			defaultConfigurationIsVisible = 0;
			defaultConfigurationName = Release;
		};
		90575E0C23A57B3E0053F58C /* Build configuration list for PBXNativeTarget "SimpleWeather" */ = {
			isa = XCConfigurationList;
			buildConfigurations = (
				90575E0D23A57B3E0053F58C /* Debug */,
				90575E0E23A57B3E0053F58C /* Release */,
			);
			defaultConfigurationIsVisible = 0;
			defaultConfigurationName = Release;
		};
		90575E0F23A57B3E0053F58C /* Build configuration list for PBXNativeTarget "SimpleWeatherTests" */ = {
			isa = XCConfigurationList;
			buildConfigurations = (
				90575E1023A57B3E0053F58C /* Debug */,
				90575E1123A57B3E0053F58C /* Release */,
			);
			defaultConfigurationIsVisible = 0;
			defaultConfigurationName = Release;
		};
		90575E1223A57B3E0053F58C /* Build configuration list for PBXNativeTarget "SimpleWeatherUITests" */ = {
			isa = XCConfigurationList;
			buildConfigurations = (
				90575E1323A57B3E0053F58C /* Debug */,
				90575E1423A57B3E0053F58C /* Release */,
			);
			defaultConfigurationIsVisible = 0;
			defaultConfigurationName = Release;
		};
/* End XCConfigurationList section */
	};
	rootObject = 90575DDA23A57B3B0053F58C /* Project object */;
}
